// !$*UTF8*$!
{
	archiveVersion = 1;
	classes = {
	};
	objectVersion = 56;
	objects = {

/* Begin PBXBuildFile section */
		DF1AE5CD2991D72000D7BFE8 /* Text.swift in Sources */ = {isa = PBXBuildFile; fileRef = DF1AE5CC2991D72000D7BFE8 /* Text.swift */; };
		DF1AE5CF2991D99100D7BFE8 /* ActionsView.swift in Sources */ = {isa = PBXBuildFile; fileRef = DF1AE5CE2991D99100D7BFE8 /* ActionsView.swift */; };
		DF1AE5D12992DABA00D7BFE8 /* GameStatus.swift in Sources */ = {isa = PBXBuildFile; fileRef = DF1AE5D02992DABA00D7BFE8 /* GameStatus.swift */; };
		DF1AE5D32992E4C000D7BFE8 /* Move.swift in Sources */ = {isa = PBXBuildFile; fileRef = DF1AE5D22992E4C000D7BFE8 /* Move.swift */; };
		DF3AA84329918B9400CBE983 /* ShakeEffect.swift in Sources */ = {isa = PBXBuildFile; fileRef = DF3AA84229918B9400CBE983 /* ShakeEffect.swift */; };
		DF3AA8452991944800CBE983 /* AnimationCompletionObserverModifier.swift in Sources */ = {isa = PBXBuildFile; fileRef = DF3AA8442991944800CBE983 /* AnimationCompletionObserverModifier.swift */; };
		DF3AA8472991D0C300CBE983 /* ActionView.swift in Sources */ = {isa = PBXBuildFile; fileRef = DF3AA8462991D0C300CBE983 /* ActionView.swift */; };
		DF3AA8492991D1DD00CBE983 /* StatusView.swift in Sources */ = {isa = PBXBuildFile; fileRef = DF3AA8482991D1DD00CBE983 /* StatusView.swift */; };
		DF3AA85F2991D29900CBE983 /* Gilroy-Regular.otf in Resources */ = {isa = PBXBuildFile; fileRef = DF3AA84B2991D29900CBE983 /* Gilroy-Regular.otf */; };
		DF3AA8602991D29900CBE983 /* Gilroy-Black.otf in Resources */ = {isa = PBXBuildFile; fileRef = DF3AA84C2991D29900CBE983 /* Gilroy-Black.otf */; };
		DF3AA8612991D29900CBE983 /* Gilroy-UltraLight.otf in Resources */ = {isa = PBXBuildFile; fileRef = DF3AA84D2991D29900CBE983 /* Gilroy-UltraLight.otf */; };
		DF3AA8622991D29900CBE983 /* Gilroy-BlackItalic.otf in Resources */ = {isa = PBXBuildFile; fileRef = DF3AA84E2991D29900CBE983 /* Gilroy-BlackItalic.otf */; };
		DF3AA8632991D29900CBE983 /* Gilroy-RegularItalic.otf in Resources */ = {isa = PBXBuildFile; fileRef = DF3AA84F2991D29900CBE983 /* Gilroy-RegularItalic.otf */; };
		DF3AA8642991D29A00CBE983 /* Gilroy-LightItalic.otf in Resources */ = {isa = PBXBuildFile; fileRef = DF3AA8502991D29900CBE983 /* Gilroy-LightItalic.otf */; };
		DF3AA8652991D29A00CBE983 /* Gilroy-ThinItalic.otf in Resources */ = {isa = PBXBuildFile; fileRef = DF3AA8512991D29900CBE983 /* Gilroy-ThinItalic.otf */; };
		DF3AA8662991D29A00CBE983 /* Gilroy-HeavyItalic.otf in Resources */ = {isa = PBXBuildFile; fileRef = DF3AA8522991D29900CBE983 /* Gilroy-HeavyItalic.otf */; };
		DF3AA8672991D29A00CBE983 /* Gilroy-BoldItalic.otf in Resources */ = {isa = PBXBuildFile; fileRef = DF3AA8532991D29900CBE983 /* Gilroy-BoldItalic.otf */; };
		DF3AA8682991D29A00CBE983 /* Gilroy-SemiBoldItalic.otf in Resources */ = {isa = PBXBuildFile; fileRef = DF3AA8542991D29900CBE983 /* Gilroy-SemiBoldItalic.otf */; };
		DF3AA8692991D29A00CBE983 /* Gilroy-UltraLightItalic.otf in Resources */ = {isa = PBXBuildFile; fileRef = DF3AA8552991D29900CBE983 /* Gilroy-UltraLightItalic.otf */; };
		DF3AA86A2991D29A00CBE983 /* Gilroy-Medium.otf in Resources */ = {isa = PBXBuildFile; fileRef = DF3AA8562991D29900CBE983 /* Gilroy-Medium.otf */; };
		DF3AA86B2991D29A00CBE983 /* Gilroy-Heavy.otf in Resources */ = {isa = PBXBuildFile; fileRef = DF3AA8572991D29900CBE983 /* Gilroy-Heavy.otf */; };
		DF3AA86C2991D29A00CBE983 /* Gilroy-Bold.otf in Resources */ = {isa = PBXBuildFile; fileRef = DF3AA8582991D29900CBE983 /* Gilroy-Bold.otf */; };
		DF3AA86D2991D29A00CBE983 /* Gilroy-SemiBold.otf in Resources */ = {isa = PBXBuildFile; fileRef = DF3AA8592991D29900CBE983 /* Gilroy-SemiBold.otf */; };
		DF3AA86E2991D29A00CBE983 /* Gilroy-Light.otf in Resources */ = {isa = PBXBuildFile; fileRef = DF3AA85A2991D29900CBE983 /* Gilroy-Light.otf */; };
		DF3AA86F2991D29A00CBE983 /* Gilroy-ExtraBold.otf in Resources */ = {isa = PBXBuildFile; fileRef = DF3AA85B2991D29900CBE983 /* Gilroy-ExtraBold.otf */; };
		DF3AA8702991D29A00CBE983 /* Gilroy-MediumItalic.otf in Resources */ = {isa = PBXBuildFile; fileRef = DF3AA85C2991D29900CBE983 /* Gilroy-MediumItalic.otf */; };
		DF3AA8712991D29A00CBE983 /* Gilroy-ExtraBoldItalic.otf in Resources */ = {isa = PBXBuildFile; fileRef = DF3AA85D2991D29900CBE983 /* Gilroy-ExtraBoldItalic.otf */; };
		DF3AA8722991D29A00CBE983 /* Gilroy-Thin.otf in Resources */ = {isa = PBXBuildFile; fileRef = DF3AA85E2991D29900CBE983 /* Gilroy-Thin.otf */; };
		DF3AA8762991D31400CBE983 /* Font.swift in Sources */ = {isa = PBXBuildFile; fileRef = DF3AA8752991D31400CBE983 /* Font.swift */; };
		DF3AA8782991D33C00CBE983 /* UIFont.swift in Sources */ = {isa = PBXBuildFile; fileRef = DF3AA8772991D33C00CBE983 /* UIFont.swift */; };
		DFA169D4298C2EE80089381F /* Application.swift in Sources */ = {isa = PBXBuildFile; fileRef = DFA169D3298C2EE80089381F /* Application.swift */; };
		DFA169D6298C2EE80089381F /* GameView.swift in Sources */ = {isa = PBXBuildFile; fileRef = DFA169D5298C2EE80089381F /* GameView.swift */; };
		DFA169D8298C2EEA0089381F /* Assets.xcassets in Resources */ = {isa = PBXBuildFile; fileRef = DFA169D7298C2EEA0089381F /* Assets.xcassets */; };
		DFA169DB298C2EEA0089381F /* Preview Assets.xcassets in Resources */ = {isa = PBXBuildFile; fileRef = DFA169DA298C2EEA0089381F /* Preview Assets.xcassets */; };
		DFA169E6298C32760089381F /* TableView.swift in Sources */ = {isa = PBXBuildFile; fileRef = DFA169E5298C32760089381F /* TableView.swift */; };
		DFA169E8298C33010089381F /* PlacementView.swift in Sources */ = {isa = PBXBuildFile; fileRef = DFA169E7298C33010089381F /* PlacementView.swift */; };
		DFA169ED298C343B0089381F /* Card.swift in Sources */ = {isa = PBXBuildFile; fileRef = DFA169EC298C343B0089381F /* Card.swift */; };
		DFA169EF298C34A10089381F /* Placement.swift in Sources */ = {isa = PBXBuildFile; fileRef = DFA169EE298C34A10089381F /* Placement.swift */; };
		DFA169F1298C35B50089381F /* Suite.swift in Sources */ = {isa = PBXBuildFile; fileRef = DFA169F0298C35B50089381F /* Suite.swift */; };
		DFA169F3298C35C00089381F /* Column.swift in Sources */ = {isa = PBXBuildFile; fileRef = DFA169F2298C35C00089381F /* Column.swift */; };
		DFA169F5298C37010089381F /* Rank.swift in Sources */ = {isa = PBXBuildFile; fileRef = DFA169F4298C37010089381F /* Rank.swift */; };
		DFA169F8298C3A2E0089381F /* String.swift in Sources */ = {isa = PBXBuildFile; fileRef = DFA169F7298C3A2E0089381F /* String.swift */; };
		DFA169FB298C3B960089381F /* Inflector.swift in Sources */ = {isa = PBXBuildFile; fileRef = DFA169FA298C3B960089381F /* Inflector.swift */; };
		DFA169FD298C3D690089381F /* Pair.swift in Sources */ = {isa = PBXBuildFile; fileRef = DFA169FC298C3D690089381F /* Pair.swift */; };
		DFA169FF298C3DE10089381F /* Face.swift in Sources */ = {isa = PBXBuildFile; fileRef = DFA169FE298C3DE10089381F /* Face.swift */; };
		DFA16A0C298C42970089381F /* View.swift in Sources */ = {isa = PBXBuildFile; fileRef = DFA16A0B298C42970089381F /* View.swift */; };
		DFA16A0F298C441A0089381F /* Globals.swift in Sources */ = {isa = PBXBuildFile; fileRef = DFA16A0E298C441A0089381F /* Globals.swift */; };
		DFA16A15298C4B970089381F /* CardView.swift in Sources */ = {isa = PBXBuildFile; fileRef = DFA16A14298C4B970089381F /* CardView.swift */; };
		DFA16A17298C4C550089381F /* PlayableCardModifier.swift in Sources */ = {isa = PBXBuildFile; fileRef = DFA16A16298C4C550089381F /* PlayableCardModifier.swift */; };
		DFA16A19298C4C7F0089381F /* CardEventData.swift in Sources */ = {isa = PBXBuildFile; fileRef = DFA16A18298C4C7F0089381F /* CardEventData.swift */; };
		DFA16A1B298C4CA90089381F /* CardEvent.swift in Sources */ = {isa = PBXBuildFile; fileRef = DFA16A1A298C4CA90089381F /* CardEvent.swift */; };
		DFB8DB67298C51AA00AB7787 /* Game.swift in Sources */ = {isa = PBXBuildFile; fileRef = DFB8DB66298C51AA00AB7787 /* Game.swift */; };
		DFB8DB69298C51EA00AB7787 /* Deck.swift in Sources */ = {isa = PBXBuildFile; fileRef = DFB8DB68298C51EA00AB7787 /* Deck.swift */; };
		DFB8DB6B298C58F700AB7787 /* Table.swift in Sources */ = {isa = PBXBuildFile; fileRef = DFB8DB6A298C58F700AB7787 /* Table.swift */; };
		DFB8DB6D298C62F000AB7787 /* TrackBoundsPreferenceKey.swift in Sources */ = {isa = PBXBuildFile; fileRef = DFB8DB6C298C62F000AB7787 /* TrackBoundsPreferenceKey.swift */; };
		DFB8DB6F298C63A900AB7787 /* TrackBoundsModifier.swift in Sources */ = {isa = PBXBuildFile; fileRef = DFB8DB6E298C63A900AB7787 /* TrackBoundsModifier.swift */; };
		DFB8DB73298C759B00AB7787 /* ViewSizeModifier.swift in Sources */ = {isa = PBXBuildFile; fileRef = DFB8DB72298C759B00AB7787 /* ViewSizeModifier.swift */; };
		DFB8DB75298C773300AB7787 /* ViewSize.swift in Sources */ = {isa = PBXBuildFile; fileRef = DFB8DB74298C773300AB7787 /* ViewSize.swift */; };
		DFB8DB78298C7C0400AB7787 /* HeaderView.swift in Sources */ = {isa = PBXBuildFile; fileRef = DFB8DB77298C7C0400AB7787 /* HeaderView.swift */; };
		DFB8DB7A298C8D2A00AB7787 /* GameState.swift in Sources */ = {isa = PBXBuildFile; fileRef = DFB8DB79298C8D2A00AB7787 /* GameState.swift */; };
		DFBB330B2994948200639F99 /* VisibilityModifier.swift in Sources */ = {isa = PBXBuildFile; fileRef = DFBB330A2994948200639F99 /* VisibilityModifier.swift */; };
		DFD40385299453CA00FE41D5 /* Array.swift in Sources */ = {isa = PBXBuildFile; fileRef = DFD40384299453CA00FE41D5 /* Array.swift */; };
		DFE6B610298F045A00F539FB /* Geometry.swift in Sources */ = {isa = PBXBuildFile; fileRef = DFE6B60F298F045A00F539FB /* Geometry.swift */; };
		DFE6B612298F2F1200F539FB /* LayoutDebugView.swift in Sources */ = {isa = PBXBuildFile; fileRef = DFE6B611298F2F1200F539FB /* LayoutDebugView.swift */; };
		DFE6B615298F3B7F00F539FB /* CardDebugView.swift in Sources */ = {isa = PBXBuildFile; fileRef = DFE6B614298F3B7F00F539FB /* CardDebugView.swift */; };
		DFE6B617298F3E2800F539FB /* Numeric.swift in Sources */ = {isa = PBXBuildFile; fileRef = DFE6B616298F3E2800F539FB /* Numeric.swift */; };
		DFE6B619298F484700F539FB /* DebugRowView.swift in Sources */ = {isa = PBXBuildFile; fileRef = DFE6B618298F484700F539FB /* DebugRowView.swift */; };
/* End PBXBuildFile section */

/* Begin PBXFileReference section */
		DF09C0F02991D5AF00A2D442 /* Info.plist */ = {isa = PBXFileReference; lastKnownFileType = text.plist; path = Info.plist; sourceTree = "<group>"; };
		DF1AE5CC2991D72000D7BFE8 /* Text.swift */ = {isa = PBXFileReference; lastKnownFileType = sourcecode.swift; path = Text.swift; sourceTree = "<group>"; };
		DF1AE5CE2991D99100D7BFE8 /* ActionsView.swift */ = {isa = PBXFileReference; lastKnownFileType = sourcecode.swift; path = ActionsView.swift; sourceTree = "<group>"; };
		DF1AE5D02992DABA00D7BFE8 /* GameStatus.swift */ = {isa = PBXFileReference; lastKnownFileType = sourcecode.swift; path = GameStatus.swift; sourceTree = "<group>"; };
		DF1AE5D22992E4C000D7BFE8 /* Move.swift */ = {isa = PBXFileReference; lastKnownFileType = sourcecode.swift; path = Move.swift; sourceTree = "<group>"; };
		DF3AA84229918B9400CBE983 /* ShakeEffect.swift */ = {isa = PBXFileReference; lastKnownFileType = sourcecode.swift; path = ShakeEffect.swift; sourceTree = "<group>"; };
		DF3AA8442991944800CBE983 /* AnimationCompletionObserverModifier.swift */ = {isa = PBXFileReference; lastKnownFileType = sourcecode.swift; path = AnimationCompletionObserverModifier.swift; sourceTree = "<group>"; };
		DF3AA8462991D0C300CBE983 /* ActionView.swift */ = {isa = PBXFileReference; lastKnownFileType = sourcecode.swift; path = ActionView.swift; sourceTree = "<group>"; };
		DF3AA8482991D1DD00CBE983 /* StatusView.swift */ = {isa = PBXFileReference; lastKnownFileType = sourcecode.swift; path = StatusView.swift; sourceTree = "<group>"; };
		DF3AA84B2991D29900CBE983 /* Gilroy-Regular.otf */ = {isa = PBXFileReference; lastKnownFileType = file; path = "Gilroy-Regular.otf"; sourceTree = "<group>"; };
		DF3AA84C2991D29900CBE983 /* Gilroy-Black.otf */ = {isa = PBXFileReference; lastKnownFileType = file; path = "Gilroy-Black.otf"; sourceTree = "<group>"; };
		DF3AA84D2991D29900CBE983 /* Gilroy-UltraLight.otf */ = {isa = PBXFileReference; lastKnownFileType = file; path = "Gilroy-UltraLight.otf"; sourceTree = "<group>"; };
		DF3AA84E2991D29900CBE983 /* Gilroy-BlackItalic.otf */ = {isa = PBXFileReference; lastKnownFileType = file; path = "Gilroy-BlackItalic.otf"; sourceTree = "<group>"; };
		DF3AA84F2991D29900CBE983 /* Gilroy-RegularItalic.otf */ = {isa = PBXFileReference; lastKnownFileType = file; path = "Gilroy-RegularItalic.otf"; sourceTree = "<group>"; };
		DF3AA8502991D29900CBE983 /* Gilroy-LightItalic.otf */ = {isa = PBXFileReference; lastKnownFileType = file; path = "Gilroy-LightItalic.otf"; sourceTree = "<group>"; };
		DF3AA8512991D29900CBE983 /* Gilroy-ThinItalic.otf */ = {isa = PBXFileReference; lastKnownFileType = file; path = "Gilroy-ThinItalic.otf"; sourceTree = "<group>"; };
		DF3AA8522991D29900CBE983 /* Gilroy-HeavyItalic.otf */ = {isa = PBXFileReference; lastKnownFileType = file; path = "Gilroy-HeavyItalic.otf"; sourceTree = "<group>"; };
		DF3AA8532991D29900CBE983 /* Gilroy-BoldItalic.otf */ = {isa = PBXFileReference; lastKnownFileType = file; path = "Gilroy-BoldItalic.otf"; sourceTree = "<group>"; };
		DF3AA8542991D29900CBE983 /* Gilroy-SemiBoldItalic.otf */ = {isa = PBXFileReference; lastKnownFileType = file; path = "Gilroy-SemiBoldItalic.otf"; sourceTree = "<group>"; };
		DF3AA8552991D29900CBE983 /* Gilroy-UltraLightItalic.otf */ = {isa = PBXFileReference; lastKnownFileType = file; path = "Gilroy-UltraLightItalic.otf"; sourceTree = "<group>"; };
		DF3AA8562991D29900CBE983 /* Gilroy-Medium.otf */ = {isa = PBXFileReference; lastKnownFileType = file; path = "Gilroy-Medium.otf"; sourceTree = "<group>"; };
		DF3AA8572991D29900CBE983 /* Gilroy-Heavy.otf */ = {isa = PBXFileReference; lastKnownFileType = file; path = "Gilroy-Heavy.otf"; sourceTree = "<group>"; };
		DF3AA8582991D29900CBE983 /* Gilroy-Bold.otf */ = {isa = PBXFileReference; lastKnownFileType = file; path = "Gilroy-Bold.otf"; sourceTree = "<group>"; };
		DF3AA8592991D29900CBE983 /* Gilroy-SemiBold.otf */ = {isa = PBXFileReference; lastKnownFileType = file; path = "Gilroy-SemiBold.otf"; sourceTree = "<group>"; };
		DF3AA85A2991D29900CBE983 /* Gilroy-Light.otf */ = {isa = PBXFileReference; lastKnownFileType = file; path = "Gilroy-Light.otf"; sourceTree = "<group>"; };
		DF3AA85B2991D29900CBE983 /* Gilroy-ExtraBold.otf */ = {isa = PBXFileReference; lastKnownFileType = file; path = "Gilroy-ExtraBold.otf"; sourceTree = "<group>"; };
		DF3AA85C2991D29900CBE983 /* Gilroy-MediumItalic.otf */ = {isa = PBXFileReference; lastKnownFileType = file; path = "Gilroy-MediumItalic.otf"; sourceTree = "<group>"; };
		DF3AA85D2991D29900CBE983 /* Gilroy-ExtraBoldItalic.otf */ = {isa = PBXFileReference; lastKnownFileType = file; path = "Gilroy-ExtraBoldItalic.otf"; sourceTree = "<group>"; };
		DF3AA85E2991D29900CBE983 /* Gilroy-Thin.otf */ = {isa = PBXFileReference; lastKnownFileType = file; path = "Gilroy-Thin.otf"; sourceTree = "<group>"; };
		DF3AA8752991D31400CBE983 /* Font.swift */ = {isa = PBXFileReference; lastKnownFileType = sourcecode.swift; path = Font.swift; sourceTree = "<group>"; };
		DF3AA8772991D33C00CBE983 /* UIFont.swift */ = {isa = PBXFileReference; lastKnownFileType = sourcecode.swift; path = UIFont.swift; sourceTree = "<group>"; };
		DFA169D0298C2EE80089381F /* Canfield.app */ = {isa = PBXFileReference; explicitFileType = wrapper.application; includeInIndex = 0; path = Canfield.app; sourceTree = BUILT_PRODUCTS_DIR; };
		DFA169D3298C2EE80089381F /* Application.swift */ = {isa = PBXFileReference; lastKnownFileType = sourcecode.swift; path = Application.swift; sourceTree = "<group>"; };
		DFA169D5298C2EE80089381F /* GameView.swift */ = {isa = PBXFileReference; lastKnownFileType = sourcecode.swift; path = GameView.swift; sourceTree = "<group>"; };
		DFA169D7298C2EEA0089381F /* Assets.xcassets */ = {isa = PBXFileReference; lastKnownFileType = folder.assetcatalog; path = Assets.xcassets; sourceTree = "<group>"; };
		DFA169DA298C2EEA0089381F /* Preview Assets.xcassets */ = {isa = PBXFileReference; lastKnownFileType = folder.assetcatalog; path = "Preview Assets.xcassets"; sourceTree = "<group>"; };
		DFA169E5298C32760089381F /* TableView.swift */ = {isa = PBXFileReference; fileEncoding = 4; lastKnownFileType = sourcecode.swift; path = TableView.swift; sourceTree = "<group>"; };
		DFA169E7298C33010089381F /* PlacementView.swift */ = {isa = PBXFileReference; lastKnownFileType = sourcecode.swift; path = PlacementView.swift; sourceTree = "<group>"; };
		DFA169EC298C343B0089381F /* Card.swift */ = {isa = PBXFileReference; lastKnownFileType = sourcecode.swift; path = Card.swift; sourceTree = "<group>"; };
		DFA169EE298C34A10089381F /* Placement.swift */ = {isa = PBXFileReference; lastKnownFileType = sourcecode.swift; path = Placement.swift; sourceTree = "<group>"; };
		DFA169F0298C35B50089381F /* Suite.swift */ = {isa = PBXFileReference; lastKnownFileType = sourcecode.swift; path = Suite.swift; sourceTree = "<group>"; };
		DFA169F2298C35C00089381F /* Column.swift */ = {isa = PBXFileReference; lastKnownFileType = sourcecode.swift; path = Column.swift; sourceTree = "<group>"; };
		DFA169F4298C37010089381F /* Rank.swift */ = {isa = PBXFileReference; lastKnownFileType = sourcecode.swift; path = Rank.swift; sourceTree = "<group>"; };
		DFA169F7298C3A2E0089381F /* String.swift */ = {isa = PBXFileReference; lastKnownFileType = sourcecode.swift; path = String.swift; sourceTree = "<group>"; };
		DFA169FA298C3B960089381F /* Inflector.swift */ = {isa = PBXFileReference; lastKnownFileType = sourcecode.swift; path = Inflector.swift; sourceTree = "<group>"; };
		DFA169FC298C3D690089381F /* Pair.swift */ = {isa = PBXFileReference; lastKnownFileType = sourcecode.swift; path = Pair.swift; sourceTree = "<group>"; };
		DFA169FE298C3DE10089381F /* Face.swift */ = {isa = PBXFileReference; lastKnownFileType = sourcecode.swift; path = Face.swift; sourceTree = "<group>"; };
		DFA16A0B298C42970089381F /* View.swift */ = {isa = PBXFileReference; lastKnownFileType = sourcecode.swift; path = View.swift; sourceTree = "<group>"; };
		DFA16A0E298C441A0089381F /* Globals.swift */ = {isa = PBXFileReference; lastKnownFileType = sourcecode.swift; path = Globals.swift; sourceTree = "<group>"; };
		DFA16A14298C4B970089381F /* CardView.swift */ = {isa = PBXFileReference; lastKnownFileType = sourcecode.swift; path = CardView.swift; sourceTree = "<group>"; };
		DFA16A16298C4C550089381F /* PlayableCardModifier.swift */ = {isa = PBXFileReference; lastKnownFileType = sourcecode.swift; path = PlayableCardModifier.swift; sourceTree = "<group>"; };
		DFA16A18298C4C7F0089381F /* CardEventData.swift */ = {isa = PBXFileReference; lastKnownFileType = sourcecode.swift; path = CardEventData.swift; sourceTree = "<group>"; };
		DFA16A1A298C4CA90089381F /* CardEvent.swift */ = {isa = PBXFileReference; lastKnownFileType = sourcecode.swift; path = CardEvent.swift; sourceTree = "<group>"; };
		DFB8DB66298C51AA00AB7787 /* Game.swift */ = {isa = PBXFileReference; lastKnownFileType = sourcecode.swift; path = Game.swift; sourceTree = "<group>"; };
		DFB8DB68298C51EA00AB7787 /* Deck.swift */ = {isa = PBXFileReference; lastKnownFileType = sourcecode.swift; path = Deck.swift; sourceTree = "<group>"; };
		DFB8DB6A298C58F700AB7787 /* Table.swift */ = {isa = PBXFileReference; lastKnownFileType = sourcecode.swift; path = Table.swift; sourceTree = "<group>"; };
		DFB8DB6C298C62F000AB7787 /* TrackBoundsPreferenceKey.swift */ = {isa = PBXFileReference; lastKnownFileType = sourcecode.swift; path = TrackBoundsPreferenceKey.swift; sourceTree = "<group>"; };
		DFB8DB6E298C63A900AB7787 /* TrackBoundsModifier.swift */ = {isa = PBXFileReference; lastKnownFileType = sourcecode.swift; path = TrackBoundsModifier.swift; sourceTree = "<group>"; };
		DFB8DB72298C759B00AB7787 /* ViewSizeModifier.swift */ = {isa = PBXFileReference; lastKnownFileType = sourcecode.swift; path = ViewSizeModifier.swift; sourceTree = "<group>"; };
		DFB8DB74298C773300AB7787 /* ViewSize.swift */ = {isa = PBXFileReference; lastKnownFileType = sourcecode.swift; path = ViewSize.swift; sourceTree = "<group>"; };
		DFB8DB77298C7C0400AB7787 /* HeaderView.swift */ = {isa = PBXFileReference; lastKnownFileType = sourcecode.swift; path = HeaderView.swift; sourceTree = "<group>"; };
		DFB8DB79298C8D2A00AB7787 /* GameState.swift */ = {isa = PBXFileReference; lastKnownFileType = sourcecode.swift; path = GameState.swift; sourceTree = "<group>"; };
		DFBB330A2994948200639F99 /* VisibilityModifier.swift */ = {isa = PBXFileReference; lastKnownFileType = sourcecode.swift; path = VisibilityModifier.swift; sourceTree = "<group>"; };
		DFD40384299453CA00FE41D5 /* Array.swift */ = {isa = PBXFileReference; lastKnownFileType = sourcecode.swift; path = Array.swift; sourceTree = "<group>"; };
		DFE6B60F298F045A00F539FB /* Geometry.swift */ = {isa = PBXFileReference; lastKnownFileType = sourcecode.swift; path = Geometry.swift; sourceTree = "<group>"; };
		DFE6B611298F2F1200F539FB /* LayoutDebugView.swift */ = {isa = PBXFileReference; lastKnownFileType = sourcecode.swift; path = LayoutDebugView.swift; sourceTree = "<group>"; };
		DFE6B614298F3B7F00F539FB /* CardDebugView.swift */ = {isa = PBXFileReference; lastKnownFileType = sourcecode.swift; path = CardDebugView.swift; sourceTree = "<group>"; };
		DFE6B616298F3E2800F539FB /* Numeric.swift */ = {isa = PBXFileReference; lastKnownFileType = sourcecode.swift; path = Numeric.swift; sourceTree = "<group>"; };
		DFE6B618298F484700F539FB /* DebugRowView.swift */ = {isa = PBXFileReference; lastKnownFileType = sourcecode.swift; path = DebugRowView.swift; sourceTree = "<group>"; };
/* End PBXFileReference section */

/* Begin PBXFrameworksBuildPhase section */
		DFA169CD298C2EE80089381F /* Frameworks */ = {
			isa = PBXFrameworksBuildPhase;
			buildActionMask = 2147483647;
			files = (
			);
			runOnlyForDeploymentPostprocessing = 0;
		};
/* End PBXFrameworksBuildPhase section */

/* Begin PBXGroup section */
		DF3AA84A2991D29900CBE983 /* Fonts */ = {
			isa = PBXGroup;
			children = (
				DF3AA84B2991D29900CBE983 /* Gilroy-Regular.otf */,
				DF3AA84C2991D29900CBE983 /* Gilroy-Black.otf */,
				DF3AA84D2991D29900CBE983 /* Gilroy-UltraLight.otf */,
				DF3AA84E2991D29900CBE983 /* Gilroy-BlackItalic.otf */,
				DF3AA84F2991D29900CBE983 /* Gilroy-RegularItalic.otf */,
				DF3AA8502991D29900CBE983 /* Gilroy-LightItalic.otf */,
				DF3AA8512991D29900CBE983 /* Gilroy-ThinItalic.otf */,
				DF3AA8522991D29900CBE983 /* Gilroy-HeavyItalic.otf */,
				DF3AA8532991D29900CBE983 /* Gilroy-BoldItalic.otf */,
				DF3AA8542991D29900CBE983 /* Gilroy-SemiBoldItalic.otf */,
				DF3AA8552991D29900CBE983 /* Gilroy-UltraLightItalic.otf */,
				DF3AA8562991D29900CBE983 /* Gilroy-Medium.otf */,
				DF3AA8572991D29900CBE983 /* Gilroy-Heavy.otf */,
				DF3AA8582991D29900CBE983 /* Gilroy-Bold.otf */,
				DF3AA8592991D29900CBE983 /* Gilroy-SemiBold.otf */,
				DF3AA85A2991D29900CBE983 /* Gilroy-Light.otf */,
				DF3AA85B2991D29900CBE983 /* Gilroy-ExtraBold.otf */,
				DF3AA85C2991D29900CBE983 /* Gilroy-MediumItalic.otf */,
				DF3AA85D2991D29900CBE983 /* Gilroy-ExtraBoldItalic.otf */,
				DF3AA85E2991D29900CBE983 /* Gilroy-Thin.otf */,
			);
			path = Fonts;
			sourceTree = "<group>";
		};
		DFA169C7298C2EE80089381F = {
			isa = PBXGroup;
			children = (
				DFA169D2298C2EE80089381F /* Canfield */,
				DFA169D1298C2EE80089381F /* Products */,
			);
			sourceTree = "<group>";
		};
		DFA169D1298C2EE80089381F /* Products */ = {
			isa = PBXGroup;
			children = (
				DFA169D0298C2EE80089381F /* Canfield.app */,
			);
			name = Products;
			sourceTree = "<group>";
		};
		DFA169D2298C2EE80089381F /* Canfield */ = {
			isa = PBXGroup;
			children = (
				DF09C0F02991D5AF00A2D442 /* Info.plist */,
				DF3AA84A2991D29900CBE983 /* Fonts */,
				DFA169E9298C33E30089381F /* Library */,
				DFA169EB298C341F0089381F /* Models */,
				DFA169E1298C318D0089381F /* Views */,
				DFA169D3298C2EE80089381F /* Application.swift */,
				DFA169D7298C2EEA0089381F /* Assets.xcassets */,
				DFA169D9298C2EEA0089381F /* Preview Content */,
			);
			path = Canfield;
			sourceTree = "<group>";
		};
		DFA169D9298C2EEA0089381F /* Preview Content */ = {
			isa = PBXGroup;
			children = (
				DFA169DA298C2EEA0089381F /* Preview Assets.xcassets */,
			);
			path = "Preview Content";
			sourceTree = "<group>";
		};
		DFA169E1298C318D0089381F /* Views */ = {
			isa = PBXGroup;
			children = (
				DFE6B613298F2F9700F539FB /* Debug */,
				DFB8DB76298C7BF500AB7787 /* Navigation */,
				DFA16A13298C4B870089381F /* Card */,
				DFA169E2298C319E0089381F /* Table */,
				DFA169D5298C2EE80089381F /* GameView.swift */,
			);
			path = Views;
			sourceTree = "<group>";
		};
		DFA169E2298C319E0089381F /* Table */ = {
			isa = PBXGroup;
			children = (
				DFA169E5298C32760089381F /* TableView.swift */,
				DFA169E7298C33010089381F /* PlacementView.swift */,
			);
			path = Table;
			sourceTree = "<group>";
		};
		DFA169E9298C33E30089381F /* Library */ = {
			isa = PBXGroup;
			children = (
				DFA16A10298C45A60089381F /* Constants */,
				DFA16A06298C41250089381F /* Modifiers */,
				DFA16A03298C40540089381F /* Data */,
				DFA16A00298C400F0089381F /* Preferences */,
				DFA169F9298C3A920089381F /* Core */,
				DFA169F6298C39AA0089381F /* Extensions */,
				DFA169EA298C34060089381F /* Enums */,
			);
			path = Library;
			sourceTree = "<group>";
		};
		DFA169EA298C34060089381F /* Enums */ = {
			isa = PBXGroup;
			children = (
				DFA169EE298C34A10089381F /* Placement.swift */,
				DFA169F0298C35B50089381F /* Suite.swift */,
				DFA169F2298C35C00089381F /* Column.swift */,
				DFA169F4298C37010089381F /* Rank.swift */,
				DFA169FC298C3D690089381F /* Pair.swift */,
				DFA169FE298C3DE10089381F /* Face.swift */,
				DFA16A1A298C4CA90089381F /* CardEvent.swift */,
				DFB8DB74298C773300AB7787 /* ViewSize.swift */,
				DFB8DB79298C8D2A00AB7787 /* GameState.swift */,
				DF1AE5D02992DABA00D7BFE8 /* GameStatus.swift */,
			);
			path = Enums;
			sourceTree = "<group>";
		};
		DFA169EB298C341F0089381F /* Models */ = {
			isa = PBXGroup;
			children = (
				DFA169EC298C343B0089381F /* Card.swift */,
				DFB8DB66298C51AA00AB7787 /* Game.swift */,
				DFB8DB68298C51EA00AB7787 /* Deck.swift */,
				DFB8DB6A298C58F700AB7787 /* Table.swift */,
				DF1AE5D22992E4C000D7BFE8 /* Move.swift */,
			);
			path = Models;
			sourceTree = "<group>";
		};
		DFA169F6298C39AA0089381F /* Extensions */ = {
			isa = PBXGroup;
			children = (
				DFA169F7298C3A2E0089381F /* String.swift */,
				DFA16A0B298C42970089381F /* View.swift */,
				DFE6B60F298F045A00F539FB /* Geometry.swift */,
				DFE6B616298F3E2800F539FB /* Numeric.swift */,
				DF3AA8752991D31400CBE983 /* Font.swift */,
				DF3AA8772991D33C00CBE983 /* UIFont.swift */,
				DF1AE5CC2991D72000D7BFE8 /* Text.swift */,
				DFD40384299453CA00FE41D5 /* Array.swift */,
			);
			path = Extensions;
			sourceTree = "<group>";
		};
		DFA169F9298C3A920089381F /* Core */ = {
			isa = PBXGroup;
			children = (
				DFA169FA298C3B960089381F /* Inflector.swift */,
			);
			path = Core;
			sourceTree = "<group>";
		};
		DFA16A00298C400F0089381F /* Preferences */ = {
			isa = PBXGroup;
			children = (
				DFB8DB6C298C62F000AB7787 /* TrackBoundsPreferenceKey.swift */,
			);
			path = Preferences;
			sourceTree = "<group>";
		};
		DFA16A03298C40540089381F /* Data */ = {
			isa = PBXGroup;
			children = (
				DFA16A18298C4C7F0089381F /* CardEventData.swift */,
			);
			path = Data;
			sourceTree = "<group>";
		};
		DFA16A06298C41250089381F /* Modifiers */ = {
			isa = PBXGroup;
			children = (
				DFA16A16298C4C550089381F /* PlayableCardModifier.swift */,
				DFB8DB6E298C63A900AB7787 /* TrackBoundsModifier.swift */,
				DFB8DB72298C759B00AB7787 /* ViewSizeModifier.swift */,
				DF3AA84229918B9400CBE983 /* ShakeEffect.swift */,
				DF3AA8442991944800CBE983 /* AnimationCompletionObserverModifier.swift */,
				DFBB330A2994948200639F99 /* VisibilityModifier.swift */,
			);
			path = Modifiers;
			sourceTree = "<group>";
		};
		DFA16A10298C45A60089381F /* Constants */ = {
			isa = PBXGroup;
			children = (
				DFA16A0E298C441A0089381F /* Globals.swift */,
			);
			path = Constants;
			sourceTree = "<group>";
		};
		DFA16A13298C4B870089381F /* Card */ = {
			isa = PBXGroup;
			children = (
				DFA16A14298C4B970089381F /* CardView.swift */,
			);
			path = Card;
			sourceTree = "<group>";
		};
		DFB8DB76298C7BF500AB7787 /* Navigation */ = {
			isa = PBXGroup;
			children = (
				DFB8DB77298C7C0400AB7787 /* HeaderView.swift */,
				DF3AA8462991D0C300CBE983 /* ActionView.swift */,
				DF3AA8482991D1DD00CBE983 /* StatusView.swift */,
				DF1AE5CE2991D99100D7BFE8 /* ActionsView.swift */,
			);
			path = Navigation;
			sourceTree = "<group>";
		};
		DFE6B613298F2F9700F539FB /* Debug */ = {
			isa = PBXGroup;
			children = (
				DFE6B611298F2F1200F539FB /* LayoutDebugView.swift */,
				DFE6B614298F3B7F00F539FB /* CardDebugView.swift */,
				DFE6B618298F484700F539FB /* DebugRowView.swift */,
			);
			path = Debug;
			sourceTree = "<group>";
		};
/* End PBXGroup section */

/* Begin PBXNativeTarget section */
		DFA169CF298C2EE80089381F /* Canfield */ = {
			isa = PBXNativeTarget;
			buildConfigurationList = DFA169DE298C2EEA0089381F /* Build configuration list for PBXNativeTarget "Canfield" */;
			buildPhases = (
				DFA169CC298C2EE80089381F /* Sources */,
				DFA169CD298C2EE80089381F /* Frameworks */,
				DFA169CE298C2EE80089381F /* Resources */,
			);
			buildRules = (
			);
			dependencies = (
			);
			name = Canfield;
			productName = Canfield;
			productReference = DFA169D0298C2EE80089381F /* Canfield.app */;
			productType = "com.apple.product-type.application";
		};
/* End PBXNativeTarget section */

/* Begin PBXProject section */
		DFA169C8298C2EE80089381F /* Project object */ = {
			isa = PBXProject;
			attributes = {
				BuildIndependentTargetsInParallel = 1;
				LastSwiftUpdateCheck = 1420;
				LastUpgradeCheck = 1420;
				TargetAttributes = {
					DFA169CF298C2EE80089381F = {
						CreatedOnToolsVersion = 14.2;
					};
				};
			};
			buildConfigurationList = DFA169CB298C2EE80089381F /* Build configuration list for PBXProject "Canfield" */;
			compatibilityVersion = "Xcode 14.0";
			developmentRegion = en;
			hasScannedForEncodings = 0;
			knownRegions = (
				en,
				Base,
			);
			mainGroup = DFA169C7298C2EE80089381F;
			productRefGroup = DFA169D1298C2EE80089381F /* Products */;
			projectDirPath = "";
			projectRoot = "";
			targets = (
				DFA169CF298C2EE80089381F /* Canfield */,
			);
		};
/* End PBXProject section */

/* Begin PBXResourcesBuildPhase section */
		DFA169CE298C2EE80089381F /* Resources */ = {
			isa = PBXResourcesBuildPhase;
			buildActionMask = 2147483647;
			files = (
				DF3AA8702991D29A00CBE983 /* Gilroy-MediumItalic.otf in Resources */,
				DF3AA8612991D29900CBE983 /* Gilroy-UltraLight.otf in Resources */,
				DF3AA8632991D29900CBE983 /* Gilroy-RegularItalic.otf in Resources */,
				DF3AA86F2991D29A00CBE983 /* Gilroy-ExtraBold.otf in Resources */,
				DF3AA85F2991D29900CBE983 /* Gilroy-Regular.otf in Resources */,
				DFA169DB298C2EEA0089381F /* Preview Assets.xcassets in Resources */,
				DF3AA8682991D29A00CBE983 /* Gilroy-SemiBoldItalic.otf in Resources */,
				DF3AA8622991D29900CBE983 /* Gilroy-BlackItalic.otf in Resources */,
				DF3AA86A2991D29A00CBE983 /* Gilroy-Medium.otf in Resources */,
				DF3AA8652991D29A00CBE983 /* Gilroy-ThinItalic.otf in Resources */,
				DF3AA8672991D29A00CBE983 /* Gilroy-BoldItalic.otf in Resources */,
				DFA169D8298C2EEA0089381F /* Assets.xcassets in Resources */,
				DF3AA86C2991D29A00CBE983 /* Gilroy-Bold.otf in Resources */,
				DF3AA8642991D29A00CBE983 /* Gilroy-LightItalic.otf in Resources */,
				DF3AA8722991D29A00CBE983 /* Gilroy-Thin.otf in Resources */,
				DF3AA8602991D29900CBE983 /* Gilroy-Black.otf in Resources */,
				DF3AA8692991D29A00CBE983 /* Gilroy-UltraLightItalic.otf in Resources */,
				DF3AA8712991D29A00CBE983 /* Gilroy-ExtraBoldItalic.otf in Resources */,
				DF3AA86E2991D29A00CBE983 /* Gilroy-Light.otf in Resources */,
				DF3AA8662991D29A00CBE983 /* Gilroy-HeavyItalic.otf in Resources */,
				DF3AA86B2991D29A00CBE983 /* Gilroy-Heavy.otf in Resources */,
				DF3AA86D2991D29A00CBE983 /* Gilroy-SemiBold.otf in Resources */,
			);
			runOnlyForDeploymentPostprocessing = 0;
		};
/* End PBXResourcesBuildPhase section */

/* Begin PBXSourcesBuildPhase section */
		DFA169CC298C2EE80089381F /* Sources */ = {
			isa = PBXSourcesBuildPhase;
			buildActionMask = 2147483647;
			files = (
				DF3AA8452991944800CBE983 /* AnimationCompletionObserverModifier.swift in Sources */,
				DFBB330B2994948200639F99 /* VisibilityModifier.swift in Sources */,
				DFA169D6298C2EE80089381F /* GameView.swift in Sources */,
				DFA16A0F298C441A0089381F /* Globals.swift in Sources */,
				DFA169E6298C32760089381F /* TableView.swift in Sources */,
				DF3AA8762991D31400CBE983 /* Font.swift in Sources */,
				DFE6B617298F3E2800F539FB /* Numeric.swift in Sources */,
				DFB8DB73298C759B00AB7787 /* ViewSizeModifier.swift in Sources */,
				DF3AA8492991D1DD00CBE983 /* StatusView.swift in Sources */,
				DFB8DB75298C773300AB7787 /* ViewSize.swift in Sources */,
				DFA169F8298C3A2E0089381F /* String.swift in Sources */,
				DFE6B610298F045A00F539FB /* Geometry.swift in Sources */,
				DFE6B612298F2F1200F539FB /* LayoutDebugView.swift in Sources */,
				DFA169ED298C343B0089381F /* Card.swift in Sources */,
				DFE6B615298F3B7F00F539FB /* CardDebugView.swift in Sources */,
				DF3AA8472991D0C300CBE983 /* ActionView.swift in Sources */,
				DFB8DB6D298C62F000AB7787 /* TrackBoundsPreferenceKey.swift in Sources */,
				DFA16A1B298C4CA90089381F /* CardEvent.swift in Sources */,
				DFD40385299453CA00FE41D5 /* Array.swift in Sources */,
				DFA169EF298C34A10089381F /* Placement.swift in Sources */,
				DFA16A15298C4B970089381F /* CardView.swift in Sources */,
				DFB8DB6F298C63A900AB7787 /* TrackBoundsModifier.swift in Sources */,
				DFA169FF298C3DE10089381F /* Face.swift in Sources */,
				DFA169FD298C3D690089381F /* Pair.swift in Sources */,
				DFA16A19298C4C7F0089381F /* CardEventData.swift in Sources */,
				DF1AE5CF2991D99100D7BFE8 /* ActionsView.swift in Sources */,
				DFA169E8298C33010089381F /* PlacementView.swift in Sources */,
				DFB8DB67298C51AA00AB7787 /* Game.swift in Sources */,
				DFA169F3298C35C00089381F /* Column.swift in Sources */,
				DF1AE5CD2991D72000D7BFE8 /* Text.swift in Sources */,
				DFA169F5298C37010089381F /* Rank.swift in Sources */,
				DFB8DB78298C7C0400AB7787 /* HeaderView.swift in Sources */,
				DFA16A0C298C42970089381F /* View.swift in Sources */,
				DF1AE5D32992E4C000D7BFE8 /* Move.swift in Sources */,
				DF1AE5D12992DABA00D7BFE8 /* GameStatus.swift in Sources */,
				DFB8DB7A298C8D2A00AB7787 /* GameState.swift in Sources */,
				DFB8DB6B298C58F700AB7787 /* Table.swift in Sources */,
				DFA169F1298C35B50089381F /* Suite.swift in Sources */,
				DFB8DB69298C51EA00AB7787 /* Deck.swift in Sources */,
				DF3AA84329918B9400CBE983 /* ShakeEffect.swift in Sources */,
				DFA169FB298C3B960089381F /* Inflector.swift in Sources */,
				DF3AA8782991D33C00CBE983 /* UIFont.swift in Sources */,
				DFA16A17298C4C550089381F /* PlayableCardModifier.swift in Sources */,
				DFA169D4298C2EE80089381F /* Application.swift in Sources */,
				DFE6B619298F484700F539FB /* DebugRowView.swift in Sources */,
			);
			runOnlyForDeploymentPostprocessing = 0;
		};
/* End PBXSourcesBuildPhase section */

/* Begin XCBuildConfiguration section */
		DFA169DC298C2EEA0089381F /* Debug */ = {
			isa = XCBuildConfiguration;
			buildSettings = {
				ALWAYS_SEARCH_USER_PATHS = NO;
				CLANG_ANALYZER_NONNULL = YES;
				CLANG_ANALYZER_NUMBER_OBJECT_CONVERSION = YES_AGGRESSIVE;
				CLANG_CXX_LANGUAGE_STANDARD = "gnu++20";
				CLANG_ENABLE_MODULES = YES;
				CLANG_ENABLE_OBJC_ARC = YES;
				CLANG_ENABLE_OBJC_WEAK = YES;
				CLANG_WARN_BLOCK_CAPTURE_AUTORELEASING = YES;
				CLANG_WARN_BOOL_CONVERSION = YES;
				CLANG_WARN_COMMA = YES;
				CLANG_WARN_CONSTANT_CONVERSION = YES;
				CLANG_WARN_DEPRECATED_OBJC_IMPLEMENTATIONS = YES;
				CLANG_WARN_DIRECT_OBJC_ISA_USAGE = YES_ERROR;
				CLANG_WARN_DOCUMENTATION_COMMENTS = YES;
				CLANG_WARN_EMPTY_BODY = YES;
				CLANG_WARN_ENUM_CONVERSION = YES;
				CLANG_WARN_INFINITE_RECURSION = YES;
				CLANG_WARN_INT_CONVERSION = YES;
				CLANG_WARN_NON_LITERAL_NULL_CONVERSION = YES;
				CLANG_WARN_OBJC_IMPLICIT_RETAIN_SELF = YES;
				CLANG_WARN_OBJC_LITERAL_CONVERSION = YES;
				CLANG_WARN_OBJC_ROOT_CLASS = YES_ERROR;
				CLANG_WARN_QUOTED_INCLUDE_IN_FRAMEWORK_HEADER = YES;
				CLANG_WARN_RANGE_LOOP_ANALYSIS = YES;
				CLANG_WARN_STRICT_PROTOTYPES = YES;
				CLANG_WARN_SUSPICIOUS_MOVE = YES;
				CLANG_WARN_UNGUARDED_AVAILABILITY = YES_AGGRESSIVE;
				CLANG_WARN_UNREACHABLE_CODE = YES;
				CLANG_WARN__DUPLICATE_METHOD_MATCH = YES;
				COPY_PHASE_STRIP = NO;
				DEBUG_INFORMATION_FORMAT = dwarf;
				ENABLE_STRICT_OBJC_MSGSEND = YES;
				ENABLE_TESTABILITY = YES;
				GCC_C_LANGUAGE_STANDARD = gnu11;
				GCC_DYNAMIC_NO_PIC = NO;
				GCC_NO_COMMON_BLOCKS = YES;
				GCC_OPTIMIZATION_LEVEL = 0;
				GCC_PREPROCESSOR_DEFINITIONS = (
					"DEBUG=1",
					"$(inherited)",
				);
				GCC_WARN_64_TO_32_BIT_CONVERSION = YES;
				GCC_WARN_ABOUT_RETURN_TYPE = YES_ERROR;
				GCC_WARN_UNDECLARED_SELECTOR = YES;
				GCC_WARN_UNINITIALIZED_AUTOS = YES_AGGRESSIVE;
				GCC_WARN_UNUSED_FUNCTION = YES;
				GCC_WARN_UNUSED_VARIABLE = YES;
				IPHONEOS_DEPLOYMENT_TARGET = 16.2;
				MTL_ENABLE_DEBUG_INFO = INCLUDE_SOURCE;
				MTL_FAST_MATH = YES;
				ONLY_ACTIVE_ARCH = YES;
				SDKROOT = iphoneos;
				SWIFT_ACTIVE_COMPILATION_CONDITIONS = DEBUG;
				SWIFT_OPTIMIZATION_LEVEL = "-Onone";
			};
			name = Debug;
		};
		DFA169DD298C2EEA0089381F /* Release */ = {
			isa = XCBuildConfiguration;
			buildSettings = {
				ALWAYS_SEARCH_USER_PATHS = NO;
				CLANG_ANALYZER_NONNULL = YES;
				CLANG_ANALYZER_NUMBER_OBJECT_CONVERSION = YES_AGGRESSIVE;
				CLANG_CXX_LANGUAGE_STANDARD = "gnu++20";
				CLANG_ENABLE_MODULES = YES;
				CLANG_ENABLE_OBJC_ARC = YES;
				CLANG_ENABLE_OBJC_WEAK = YES;
				CLANG_WARN_BLOCK_CAPTURE_AUTORELEASING = YES;
				CLANG_WARN_BOOL_CONVERSION = YES;
				CLANG_WARN_COMMA = YES;
				CLANG_WARN_CONSTANT_CONVERSION = YES;
				CLANG_WARN_DEPRECATED_OBJC_IMPLEMENTATIONS = YES;
				CLANG_WARN_DIRECT_OBJC_ISA_USAGE = YES_ERROR;
				CLANG_WARN_DOCUMENTATION_COMMENTS = YES;
				CLANG_WARN_EMPTY_BODY = YES;
				CLANG_WARN_ENUM_CONVERSION = YES;
				CLANG_WARN_INFINITE_RECURSION = YES;
				CLANG_WARN_INT_CONVERSION = YES;
				CLANG_WARN_NON_LITERAL_NULL_CONVERSION = YES;
				CLANG_WARN_OBJC_IMPLICIT_RETAIN_SELF = YES;
				CLANG_WARN_OBJC_LITERAL_CONVERSION = YES;
				CLANG_WARN_OBJC_ROOT_CLASS = YES_ERROR;
				CLANG_WARN_QUOTED_INCLUDE_IN_FRAMEWORK_HEADER = YES;
				CLANG_WARN_RANGE_LOOP_ANALYSIS = YES;
				CLANG_WARN_STRICT_PROTOTYPES = YES;
				CLANG_WARN_SUSPICIOUS_MOVE = YES;
				CLANG_WARN_UNGUARDED_AVAILABILITY = YES_AGGRESSIVE;
				CLANG_WARN_UNREACHABLE_CODE = YES;
				CLANG_WARN__DUPLICATE_METHOD_MATCH = YES;
				COPY_PHASE_STRIP = NO;
				DEBUG_INFORMATION_FORMAT = "dwarf-with-dsym";
				ENABLE_NS_ASSERTIONS = NO;
				ENABLE_STRICT_OBJC_MSGSEND = YES;
				GCC_C_LANGUAGE_STANDARD = gnu11;
				GCC_NO_COMMON_BLOCKS = YES;
				GCC_WARN_64_TO_32_BIT_CONVERSION = YES;
				GCC_WARN_ABOUT_RETURN_TYPE = YES_ERROR;
				GCC_WARN_UNDECLARED_SELECTOR = YES;
				GCC_WARN_UNINITIALIZED_AUTOS = YES_AGGRESSIVE;
				GCC_WARN_UNUSED_FUNCTION = YES;
				GCC_WARN_UNUSED_VARIABLE = YES;
				IPHONEOS_DEPLOYMENT_TARGET = 16.2;
				MTL_ENABLE_DEBUG_INFO = NO;
				MTL_FAST_MATH = YES;
				SDKROOT = iphoneos;
				SWIFT_COMPILATION_MODE = wholemodule;
				SWIFT_OPTIMIZATION_LEVEL = "-O";
				VALIDATE_PRODUCT = YES;
			};
			name = Release;
		};
		DFA169DF298C2EEA0089381F /* Debug */ = {
			isa = XCBuildConfiguration;
			buildSettings = {
				ASSETCATALOG_COMPILER_APPICON_NAME = AppIcon;
				ASSETCATALOG_COMPILER_GLOBAL_ACCENT_COLOR_NAME = AccentColor;
				CODE_SIGN_STYLE = Automatic;
				CURRENT_PROJECT_VERSION = 1;
				DEVELOPMENT_ASSET_PATHS = "\"Canfield/Preview Content\"";
				DEVELOPMENT_TEAM = 2MNBFRSE89;
				ENABLE_PREVIEWS = YES;
				GENERATE_INFOPLIST_FILE = YES;
				INFOPLIST_FILE = Canfield/Info.plist;
				INFOPLIST_KEY_CFBundleDisplayName = Canfield;
				INFOPLIST_KEY_LSApplicationCategoryType = "public.app-category.card-games";
				INFOPLIST_KEY_UIApplicationSceneManifest_Generation = YES;
				INFOPLIST_KEY_UIApplicationSupportsIndirectInputEvents = YES;
				INFOPLIST_KEY_UILaunchScreen_Generation = YES;
				INFOPLIST_KEY_UISupportedInterfaceOrientations_iPad = "UIInterfaceOrientationPortrait UIInterfaceOrientationPortraitUpsideDown UIInterfaceOrientationLandscapeLeft UIInterfaceOrientationLandscapeRight";
				INFOPLIST_KEY_UISupportedInterfaceOrientations_iPhone = "UIInterfaceOrientationPortrait UIInterfaceOrientationLandscapeLeft UIInterfaceOrientationLandscapeRight";
				IPHONEOS_DEPLOYMENT_TARGET = 16.0;
				LD_RUNPATH_SEARCH_PATHS = (
					"$(inherited)",
					"@executable_path/Frameworks",
				);
				MARKETING_VERSION = 1.0.0;
				PRODUCT_BUNDLE_IDENTIFIER = co.bundance.Canfield;
				PRODUCT_NAME = "$(TARGET_NAME)";
				SWIFT_EMIT_LOC_STRINGS = YES;
				SWIFT_VERSION = 5.0;
				TARGETED_DEVICE_FAMILY = "1,2";
			};
			name = Debug;
		};
		DFA169E0298C2EEA0089381F /* Release */ = {
			isa = XCBuildConfiguration;
			buildSettings = {
				ASSETCATALOG_COMPILER_APPICON_NAME = AppIcon;
				ASSETCATALOG_COMPILER_GLOBAL_ACCENT_COLOR_NAME = AccentColor;
				CODE_SIGN_STYLE = Automatic;
				CURRENT_PROJECT_VERSION = 1;
				DEVELOPMENT_ASSET_PATHS = "\"Canfield/Preview Content\"";
				DEVELOPMENT_TEAM = 2MNBFRSE89;
				ENABLE_PREVIEWS = YES;
				GENERATE_INFOPLIST_FILE = YES;
				INFOPLIST_FILE = Canfield/Info.plist;
				INFOPLIST_KEY_CFBundleDisplayName = Canfield;
				INFOPLIST_KEY_LSApplicationCategoryType = "public.app-category.card-games";
				INFOPLIST_KEY_UIApplicationSceneManifest_Generation = YES;
				INFOPLIST_KEY_UIApplicationSupportsIndirectInputEvents = YES;
				INFOPLIST_KEY_UILaunchScreen_Generation = YES;
				INFOPLIST_KEY_UISupportedInterfaceOrientations_iPad = "UIInterfaceOrientationPortrait UIInterfaceOrientationPortraitUpsideDown UIInterfaceOrientationLandscapeLeft UIInterfaceOrientationLandscapeRight";
				INFOPLIST_KEY_UISupportedInterfaceOrientations_iPhone = "UIInterfaceOrientationPortrait UIInterfaceOrientationLandscapeLeft UIInterfaceOrientationLandscapeRight";
				IPHONEOS_DEPLOYMENT_TARGET = 16.0;
				LD_RUNPATH_SEARCH_PATHS = (
					"$(inherited)",
					"@executable_path/Frameworks",
				);
				MARKETING_VERSION = 1.0.0;
				PRODUCT_BUNDLE_IDENTIFIER = co.bundance.Canfield;
				PRODUCT_NAME = "$(TARGET_NAME)";
				SWIFT_EMIT_LOC_STRINGS = YES;
				SWIFT_VERSION = 5.0;
				TARGETED_DEVICE_FAMILY = "1,2";
			};
			name = Release;
		};
/* End XCBuildConfiguration section */

/* Begin XCConfigurationList section */
		DFA169CB298C2EE80089381F /* Build configuration list for PBXProject "Canfield" */ = {
			isa = XCConfigurationList;
			buildConfigurations = (
				DFA169DC298C2EEA0089381F /* Debug */,
				DFA169DD298C2EEA0089381F /* Release */,
			);
			defaultConfigurationIsVisible = 0;
			defaultConfigurationName = Release;
		};
		DFA169DE298C2EEA0089381F /* Build configuration list for PBXNativeTarget "Canfield" */ = {
			isa = XCConfigurationList;
			buildConfigurations = (
				DFA169DF298C2EEA0089381F /* Debug */,
				DFA169E0298C2EEA0089381F /* Release */,
			);
			defaultConfigurationIsVisible = 0;
			defaultConfigurationName = Release;
		};
/* End XCConfigurationList section */
	};
	rootObject = DFA169C8298C2EE80089381F /* Project object */;
}
